{
  "name": "bn-auth",
  "version": "0.0.1",
  "lockfileVersion": 1,
  "requires": true,
  "dependencies": {
    "@ngrx/store": {
      "version": "7.2.0",
      "resolved": "https://registry.npmjs.org/@ngrx/store/-/store-7.2.0.tgz",
      "integrity": "sha512-E9c0cDot0HeE0mXyeqw18SwmJ2+eKnA5mMMfwvoskpMInCYGI2pq1i6/lCVQ2wrEHSH+KvObK4PQbepcA9vP+w=="
    }
  }
}
