{
  "name": "@boatnet/bn-common",
  "version": "0.1.0",
  "lockfileVersion": 1,
  "requires": true,
  "dependencies": {
    "coordinate-parser": {
      "version": "1.0.3",
      "resolved": "https://registry.npmjs.org/coordinate-parser/-/coordinate-parser-1.0.3.tgz",
      "integrity": "sha512-w2UvTABq1acVBbW26XkKZTnDvBF8DN6us24caKYYuQdEl0qAykk46+3IUq+a6CRaB4YtgT/XWMMYre91oNBclQ==",
      "dev": true
    }
  }
}
